
Microsoft Visual Studio Solution File, Format Version 12.00
# Visual Studio Version 17
VisualStudioVersion = 17.4.33027.239
MinimumVisualStudioVersion = 10.0.40219.1
Project("{2150E333-8FDC-42A3-9474-1A3956D46DE8}") = "src", "src", "{932D8224-11F6-4D07-B109-DA28AD288A63}"
EndProject
Project("{2150E333-8FDC-42A3-9474-1A3956D46DE8}") = "Solution Items", "Solution Items", "{3AF739CD-81D8-428D-A08A-0A58372DEBF6}"
	ProjectSection(SolutionItems) = preProject
		.editorconfig = .editorconfig
		.env = .env
		Directory.Packages.props = Directory.Packages.props
		NuGet.config = NuGet.config
	EndProjectSection
EndProject
Project("{2150E333-8FDC-42A3-9474-1A3956D46DE8}") = "Services", "Services", "{91CF7717-08AB-4E65-B10E-0B426F01E2E8}"
EndProject
Project("{2150E333-8FDC-42A3-9474-1A3956D46DE8}") = "tests", "tests", "{A857AD10-40FF-4303-BEC2-FF1C58D5735E}"
EndProject
Project("{2150E333-8FDC-42A3-9474-1A3956D46DE8}") = "BuildingBlocks", "BuildingBlocks", "{DB0EFB20-B024-4E5E-A75C-52143C131D25}"
EndProject
Project("{2150E333-8FDC-42A3-9474-1A3956D46DE8}") = "EventBus", "EventBus", "{807BB76E-B2BB-47A2-A57B-3D1B20FF5E7F}"
EndProject
Project("{2150E333-8FDC-42A3-9474-1A3956D46DE8}") = "WebHost", "WebHost", "{1815B651-941C-466B-AE33-D1D7EEB8F77F}"
EndProject
Project("{2150E333-8FDC-42A3-9474-1A3956D46DE8}") = "ApiGateways", "ApiGateways", "{77849D35-37D4-4802-81DC-9477B2775A40}"
EndProject
Project("{2150E333-8FDC-42A3-9474-1A3956D46DE8}") = "Web.Bff", "Web.Bff", "{28C0F5C8-4849-4035-80AB-45639424E73F}"
EndProject
Project("{2150E333-8FDC-42A3-9474-1A3956D46DE8}") = "tests", "tests", "{373D8AA1-36BE-49EC-89F0-6CB736666285}"
EndProject
Project("{9A19103F-16F7-4668-BE54-9A1E7A4F7556}") = "EventBus.Tests", "src\BuildingBlocks\EventBus\EventBus.Tests\EventBus.Tests.csproj", "{FC870644-ABEC-4F17-8F2D-CDDF506AA05C}"
EndProject
Project("{9A19103F-16F7-4668-BE54-9A1E7A4F7556}") = "EventBus", "src\BuildingBlocks\EventBus\EventBus\EventBus.csproj", "{4D48E4AE-89EB-4961-81D7-FC7AA89189AE}"
EndProject
Project("{9A19103F-16F7-4668-BE54-9A1E7A4F7556}") = "EventBusServiceBus", "src\BuildingBlocks\EventBus\EventBusServiceBus\EventBusServiceBus.csproj", "{0458AF30-A5E9-49BC-8F22-77C50A9D3EA0}"
EndProject
Project("{9A19103F-16F7-4668-BE54-9A1E7A4F7556}") = "EventBusRabbitMQ", "src\BuildingBlocks\EventBus\EventBusRabbitMQ\EventBusRabbitMQ.csproj", "{11E314EF-9F26-43B6-9946-1FEC3908665D}"
EndProject
Project("{9A19103F-16F7-4668-BE54-9A1E7A4F7556}") = "IntegrationEventLogEF", "src\BuildingBlocks\EventBus\IntegrationEventLogEF\IntegrationEventLogEF.csproj", "{D4C0E4E2-D7C5-4BBE-9DF0-D0C0BB18CF62}"
EndProject
Project("{9A19103F-16F7-4668-BE54-9A1E7A4F7556}") = "WebHost.Customization", "src\BuildingBlocks\WebHostCustomization\WebHost.Customization\WebHost.Customization.csproj", "{F40B197E-FFDA-492B-9C5A-EEB3DC5DDA9D}"
EndProject
Project("{2150E333-8FDC-42A3-9474-1A3956D46DE8}") = "Mobile.Bff", "Mobile.Bff", "{79D04A89-E76F-4CC2-86D4-E8EE8BCDE201}"
EndProject
Global
	GlobalSection(SolutionConfigurationPlatforms) = preSolution
		Ad-Hoc|Any CPU = Ad-Hoc|Any CPU
		Ad-Hoc|ARM = Ad-Hoc|ARM
		Ad-Hoc|iPhone = Ad-Hoc|iPhone
		Ad-Hoc|iPhoneSimulator = Ad-Hoc|iPhoneSimulator
		Ad-Hoc|x64 = Ad-Hoc|x64
		Ad-Hoc|x86 = Ad-Hoc|x86
		AppStore|Any CPU = AppStore|Any CPU
		AppStore|ARM = AppStore|ARM
		AppStore|iPhone = AppStore|iPhone
		AppStore|iPhoneSimulator = AppStore|iPhoneSimulator
		AppStore|x64 = AppStore|x64
		AppStore|x86 = AppStore|x86
		Debug|Any CPU = Debug|Any CPU
		Debug|ARM = Debug|ARM
		Debug|iPhone = Debug|iPhone
		Debug|iPhoneSimulator = Debug|iPhoneSimulator
		Debug|x64 = Debug|x64
		Debug|x86 = Debug|x86
		Release|Any CPU = Release|Any CPU
		Release|ARM = Release|ARM
		Release|iPhone = Release|iPhone
		Release|iPhoneSimulator = Release|iPhoneSimulator
		Release|x64 = Release|x64
		Release|x86 = Release|x86
	EndGlobalSection
	GlobalSection(ProjectConfigurationPlatforms) = postSolution
		{FC870644-ABEC-4F17-8F2D-CDDF506AA05C}.Ad-Hoc|Any CPU.ActiveCfg = Debug|Any CPU
		{FC870644-ABEC-4F17-8F2D-CDDF506AA05C}.Ad-Hoc|Any CPU.Build.0 = Debug|Any CPU
		{FC870644-ABEC-4F17-8F2D-CDDF506AA05C}.Ad-Hoc|ARM.ActiveCfg = Debug|Any CPU
		{FC870644-ABEC-4F17-8F2D-CDDF506AA05C}.Ad-Hoc|ARM.Build.0 = Debug|Any CPU
		{FC870644-ABEC-4F17-8F2D-CDDF506AA05C}.Ad-Hoc|iPhone.ActiveCfg = Debug|Any CPU
		{FC870644-ABEC-4F17-8F2D-CDDF506AA05C}.Ad-Hoc|iPhone.Build.0 = Debug|Any CPU
		{FC870644-ABEC-4F17-8F2D-CDDF506AA05C}.Ad-Hoc|iPhoneSimulator.ActiveCfg = Debug|Any CPU
		{FC870644-ABEC-4F17-8F2D-CDDF506AA05C}.Ad-Hoc|iPhoneSimulator.Build.0 = Debug|Any CPU
		{FC870644-ABEC-4F17-8F2D-CDDF506AA05C}.Ad-Hoc|x64.ActiveCfg = Debug|Any CPU
		{FC870644-ABEC-4F17-8F2D-CDDF506AA05C}.Ad-Hoc|x64.Build.0 = Debug|Any CPU
		{FC870644-ABEC-4F17-8F2D-CDDF506AA05C}.Ad-Hoc|x86.ActiveCfg = Debug|Any CPU
		{FC870644-ABEC-4F17-8F2D-CDDF506AA05C}.Ad-Hoc|x86.Build.0 = Debug|Any CPU
		{FC870644-ABEC-4F17-8F2D-CDDF506AA05C}.AppStore|Any CPU.ActiveCfg = Debug|Any CPU
		{FC870644-ABEC-4F17-8F2D-CDDF506AA05C}.AppStore|Any CPU.Build.0 = Debug|Any CPU
		{FC870644-ABEC-4F17-8F2D-CDDF506AA05C}.AppStore|ARM.ActiveCfg = Debug|Any CPU
		{FC870644-ABEC-4F17-8F2D-CDDF506AA05C}.AppStore|ARM.Build.0 = Debug|Any CPU
		{FC870644-ABEC-4F17-8F2D-CDDF506AA05C}.AppStore|iPhone.ActiveCfg = Debug|Any CPU
		{FC870644-ABEC-4F17-8F2D-CDDF506AA05C}.AppStore|iPhone.Build.0 = Debug|Any CPU
		{FC870644-ABEC-4F17-8F2D-CDDF506AA05C}.AppStore|iPhoneSimulator.ActiveCfg = Debug|Any CPU
		{FC870644-ABEC-4F17-8F2D-CDDF506AA05C}.AppStore|iPhoneSimulator.Build.0 = Debug|Any CPU
		{FC870644-ABEC-4F17-8F2D-CDDF506AA05C}.AppStore|x64.ActiveCfg = Debug|Any CPU
		{FC870644-ABEC-4F17-8F2D-CDDF506AA05C}.AppStore|x64.Build.0 = Debug|Any CPU
		{FC870644-ABEC-4F17-8F2D-CDDF506AA05C}.AppStore|x86.ActiveCfg = Debug|Any CPU
		{FC870644-ABEC-4F17-8F2D-CDDF506AA05C}.AppStore|x86.Build.0 = Debug|Any CPU
		{FC870644-ABEC-4F17-8F2D-CDDF506AA05C}.Debug|Any CPU.ActiveCfg = Debug|Any CPU
		{FC870644-ABEC-4F17-8F2D-CDDF506AA05C}.Debug|Any CPU.Build.0 = Debug|Any CPU
		{FC870644-ABEC-4F17-8F2D-CDDF506AA05C}.Debug|ARM.ActiveCfg = Debug|Any CPU
		{FC870644-ABEC-4F17-8F2D-CDDF506AA05C}.Debug|ARM.Build.0 = Debug|Any CPU
		{FC870644-ABEC-4F17-8F2D-CDDF506AA05C}.Debug|iPhone.ActiveCfg = Debug|Any CPU
		{FC870644-ABEC-4F17-8F2D-CDDF506AA05C}.Debug|iPhone.Build.0 = Debug|Any CPU
		{FC870644-ABEC-4F17-8F2D-CDDF506AA05C}.Debug|iPhoneSimulator.ActiveCfg = Debug|Any CPU
		{FC870644-ABEC-4F17-8F2D-CDDF506AA05C}.Debug|iPhoneSimulator.Build.0 = Debug|Any CPU
		{FC870644-ABEC-4F17-8F2D-CDDF506AA05C}.Debug|x64.ActiveCfg = Debug|Any CPU
		{FC870644-ABEC-4F17-8F2D-CDDF506AA05C}.Debug|x64.Build.0 = Debug|Any CPU
		{FC870644-ABEC-4F17-8F2D-CDDF506AA05C}.Debug|x86.ActiveCfg = Debug|Any CPU
		{FC870644-ABEC-4F17-8F2D-CDDF506AA05C}.Debug|x86.Build.0 = Debug|Any CPU
		{FC870644-ABEC-4F17-8F2D-CDDF506AA05C}.Release|Any CPU.ActiveCfg = Release|Any CPU
		{FC870644-ABEC-4F17-8F2D-CDDF506AA05C}.Release|Any CPU.Build.0 = Release|Any CPU
		{FC870644-ABEC-4F17-8F2D-CDDF506AA05C}.Release|ARM.ActiveCfg = Release|Any CPU
		{FC870644-ABEC-4F17-8F2D-CDDF506AA05C}.Release|ARM.Build.0 = Release|Any CPU
		{FC870644-ABEC-4F17-8F2D-CDDF506AA05C}.Release|iPhone.ActiveCfg = Release|Any CPU
		{FC870644-ABEC-4F17-8F2D-CDDF506AA05C}.Release|iPhone.Build.0 = Release|Any CPU
		{FC870644-ABEC-4F17-8F2D-CDDF506AA05C}.Release|iPhoneSimulator.ActiveCfg = Release|Any CPU
		{FC870644-ABEC-4F17-8F2D-CDDF506AA05C}.Release|iPhoneSimulator.Build.0 = Release|Any CPU
		{FC870644-ABEC-4F17-8F2D-CDDF506AA05C}.Release|x64.ActiveCfg = Release|Any CPU
		{FC870644-ABEC-4F17-8F2D-CDDF506AA05C}.Release|x64.Build.0 = Release|Any CPU
		{FC870644-ABEC-4F17-8F2D-CDDF506AA05C}.Release|x86.ActiveCfg = Release|Any CPU
		{FC870644-ABEC-4F17-8F2D-CDDF506AA05C}.Release|x86.Build.0 = Release|Any CPU
		{4D48E4AE-89EB-4961-81D7-FC7AA89189AE}.Ad-Hoc|Any CPU.ActiveCfg = Debug|Any CPU
		{4D48E4AE-89EB-4961-81D7-FC7AA89189AE}.Ad-Hoc|Any CPU.Build.0 = Debug|Any CPU
		{4D48E4AE-89EB-4961-81D7-FC7AA89189AE}.Ad-Hoc|ARM.ActiveCfg = Debug|Any CPU
		{4D48E4AE-89EB-4961-81D7-FC7AA89189AE}.Ad-Hoc|ARM.Build.0 = Debug|Any CPU
		{4D48E4AE-89EB-4961-81D7-FC7AA89189AE}.Ad-Hoc|iPhone.ActiveCfg = Debug|Any CPU
		{4D48E4AE-89EB-4961-81D7-FC7AA89189AE}.Ad-Hoc|iPhone.Build.0 = Debug|Any CPU
		{4D48E4AE-89EB-4961-81D7-FC7AA89189AE}.Ad-Hoc|iPhoneSimulator.ActiveCfg = Debug|Any CPU
		{4D48E4AE-89EB-4961-81D7-FC7AA89189AE}.Ad-Hoc|iPhoneSimulator.Build.0 = Debug|Any CPU
		{4D48E4AE-89EB-4961-81D7-FC7AA89189AE}.Ad-Hoc|x64.ActiveCfg = Debug|Any CPU
		{4D48E4AE-89EB-4961-81D7-FC7AA89189AE}.Ad-Hoc|x64.Build.0 = Debug|Any CPU
		{4D48E4AE-89EB-4961-81D7-FC7AA89189AE}.Ad-Hoc|x86.ActiveCfg = Debug|Any CPU
		{4D48E4AE-89EB-4961-81D7-FC7AA89189AE}.Ad-Hoc|x86.Build.0 = Debug|Any CPU
		{4D48E4AE-89EB-4961-81D7-FC7AA89189AE}.AppStore|Any CPU.ActiveCfg = Debug|Any CPU
		{4D48E4AE-89EB-4961-81D7-FC7AA89189AE}.AppStore|Any CPU.Build.0 = Debug|Any CPU
		{4D48E4AE-89EB-4961-81D7-FC7AA89189AE}.AppStore|ARM.ActiveCfg = Debug|Any CPU
		{4D48E4AE-89EB-4961-81D7-FC7AA89189AE}.AppStore|ARM.Build.0 = Debug|Any CPU
		{4D48E4AE-89EB-4961-81D7-FC7AA89189AE}.AppStore|iPhone.ActiveCfg = Debug|Any CPU
		{4D48E4AE-89EB-4961-81D7-FC7AA89189AE}.AppStore|iPhone.Build.0 = Debug|Any CPU
		{4D48E4AE-89EB-4961-81D7-FC7AA89189AE}.AppStore|iPhoneSimulator.ActiveCfg = Debug|Any CPU
		{4D48E4AE-89EB-4961-81D7-FC7AA89189AE}.AppStore|iPhoneSimulator.Build.0 = Debug|Any CPU
		{4D48E4AE-89EB-4961-81D7-FC7AA89189AE}.AppStore|x64.ActiveCfg = Debug|Any CPU
		{4D48E4AE-89EB-4961-81D7-FC7AA89189AE}.AppStore|x64.Build.0 = Debug|Any CPU
		{4D48E4AE-89EB-4961-81D7-FC7AA89189AE}.AppStore|x86.ActiveCfg = Debug|Any CPU
		{4D48E4AE-89EB-4961-81D7-FC7AA89189AE}.AppStore|x86.Build.0 = Debug|Any CPU
		{4D48E4AE-89EB-4961-81D7-FC7AA89189AE}.Debug|Any CPU.ActiveCfg = Debug|Any CPU
		{4D48E4AE-89EB-4961-81D7-FC7AA89189AE}.Debug|Any CPU.Build.0 = Debug|Any CPU
		{4D48E4AE-89EB-4961-81D7-FC7AA89189AE}.Debug|ARM.ActiveCfg = Debug|Any CPU
		{4D48E4AE-89EB-4961-81D7-FC7AA89189AE}.Debug|ARM.Build.0 = Debug|Any CPU
		{4D48E4AE-89EB-4961-81D7-FC7AA89189AE}.Debug|iPhone.ActiveCfg = Debug|Any CPU
		{4D48E4AE-89EB-4961-81D7-FC7AA89189AE}.Debug|iPhone.Build.0 = Debug|Any CPU
		{4D48E4AE-89EB-4961-81D7-FC7AA89189AE}.Debug|iPhoneSimulator.ActiveCfg = Debug|Any CPU
		{4D48E4AE-89EB-4961-81D7-FC7AA89189AE}.Debug|iPhoneSimulator.Build.0 = Debug|Any CPU
		{4D48E4AE-89EB-4961-81D7-FC7AA89189AE}.Debug|x64.ActiveCfg = Debug|Any CPU
		{4D48E4AE-89EB-4961-81D7-FC7AA89189AE}.Debug|x64.Build.0 = Debug|Any CPU
		{4D48E4AE-89EB-4961-81D7-FC7AA89189AE}.Debug|x86.ActiveCfg = Debug|Any CPU
		{4D48E4AE-89EB-4961-81D7-FC7AA89189AE}.Debug|x86.Build.0 = Debug|Any CPU
		{4D48E4AE-89EB-4961-81D7-FC7AA89189AE}.Release|Any CPU.ActiveCfg = Release|Any CPU
		{4D48E4AE-89EB-4961-81D7-FC7AA89189AE}.Release|Any CPU.Build.0 = Release|Any CPU
		{4D48E4AE-89EB-4961-81D7-FC7AA89189AE}.Release|ARM.ActiveCfg = Release|Any CPU
		{4D48E4AE-89EB-4961-81D7-FC7AA89189AE}.Release|ARM.Build.0 = Release|Any CPU
		{4D48E4AE-89EB-4961-81D7-FC7AA89189AE}.Release|iPhone.ActiveCfg = Release|Any CPU
		{4D48E4AE-89EB-4961-81D7-FC7AA89189AE}.Release|iPhone.Build.0 = Release|Any CPU
		{4D48E4AE-89EB-4961-81D7-FC7AA89189AE}.Release|iPhoneSimulator.ActiveCfg = Release|Any CPU
		{4D48E4AE-89EB-4961-81D7-FC7AA89189AE}.Release|iPhoneSimulator.Build.0 = Release|Any CPU
		{4D48E4AE-89EB-4961-81D7-FC7AA89189AE}.Release|x64.ActiveCfg = Release|Any CPU
		{4D48E4AE-89EB-4961-81D7-FC7AA89189AE}.Release|x64.Build.0 = Release|Any CPU
		{4D48E4AE-89EB-4961-81D7-FC7AA89189AE}.Release|x86.ActiveCfg = Release|Any CPU
		{4D48E4AE-89EB-4961-81D7-FC7AA89189AE}.Release|x86.Build.0 = Release|Any CPU
		{0458AF30-A5E9-49BC-8F22-77C50A9D3EA0}.Ad-Hoc|Any CPU.ActiveCfg = Debug|Any CPU
		{0458AF30-A5E9-49BC-8F22-77C50A9D3EA0}.Ad-Hoc|Any CPU.Build.0 = Debug|Any CPU
		{0458AF30-A5E9-49BC-8F22-77C50A9D3EA0}.Ad-Hoc|ARM.ActiveCfg = Debug|Any CPU
		{0458AF30-A5E9-49BC-8F22-77C50A9D3EA0}.Ad-Hoc|ARM.Build.0 = Debug|Any CPU
		{0458AF30-A5E9-49BC-8F22-77C50A9D3EA0}.Ad-Hoc|iPhone.ActiveCfg = Debug|Any CPU
		{0458AF30-A5E9-49BC-8F22-77C50A9D3EA0}.Ad-Hoc|iPhone.Build.0 = Debug|Any CPU
		{0458AF30-A5E9-49BC-8F22-77C50A9D3EA0}.Ad-Hoc|iPhoneSimulator.ActiveCfg = Debug|Any CPU
		{0458AF30-A5E9-49BC-8F22-77C50A9D3EA0}.Ad-Hoc|iPhoneSimulator.Build.0 = Debug|Any CPU
		{0458AF30-A5E9-49BC-8F22-77C50A9D3EA0}.Ad-Hoc|x64.ActiveCfg = Debug|Any CPU
		{0458AF30-A5E9-49BC-8F22-77C50A9D3EA0}.Ad-Hoc|x64.Build.0 = Debug|Any CPU
		{0458AF30-A5E9-49BC-8F22-77C50A9D3EA0}.Ad-Hoc|x86.ActiveCfg = Debug|Any CPU
		{0458AF30-A5E9-49BC-8F22-77C50A9D3EA0}.Ad-Hoc|x86.Build.0 = Debug|Any CPU
		{0458AF30-A5E9-49BC-8F22-77C50A9D3EA0}.AppStore|Any CPU.ActiveCfg = Debug|Any CPU
		{0458AF30-A5E9-49BC-8F22-77C50A9D3EA0}.AppStore|Any CPU.Build.0 = Debug|Any CPU
		{0458AF30-A5E9-49BC-8F22-77C50A9D3EA0}.AppStore|ARM.ActiveCfg = Debug|Any CPU
		{0458AF30-A5E9-49BC-8F22-77C50A9D3EA0}.AppStore|ARM.Build.0 = Debug|Any CPU
		{0458AF30-A5E9-49BC-8F22-77C50A9D3EA0}.AppStore|iPhone.ActiveCfg = Debug|Any CPU
		{0458AF30-A5E9-49BC-8F22-77C50A9D3EA0}.AppStore|iPhone.Build.0 = Debug|Any CPU
		{0458AF30-A5E9-49BC-8F22-77C50A9D3EA0}.AppStore|iPhoneSimulator.ActiveCfg = Debug|Any CPU
		{0458AF30-A5E9-49BC-8F22-77C50A9D3EA0}.AppStore|iPhoneSimulator.Build.0 = Debug|Any CPU
		{0458AF30-A5E9-49BC-8F22-77C50A9D3EA0}.AppStore|x64.ActiveCfg = Debug|Any CPU
		{0458AF30-A5E9-49BC-8F22-77C50A9D3EA0}.AppStore|x64.Build.0 = Debug|Any CPU
		{0458AF30-A5E9-49BC-8F22-77C50A9D3EA0}.AppStore|x86.ActiveCfg = Debug|Any CPU
		{0458AF30-A5E9-49BC-8F22-77C50A9D3EA0}.AppStore|x86.Build.0 = Debug|Any CPU
		{0458AF30-A5E9-49BC-8F22-77C50A9D3EA0}.Debug|Any CPU.ActiveCfg = Debug|Any CPU
		{0458AF30-A5E9-49BC-8F22-77C50A9D3EA0}.Debug|Any CPU.Build.0 = Debug|Any CPU
		{0458AF30-A5E9-49BC-8F22-77C50A9D3EA0}.Debug|ARM.ActiveCfg = Debug|Any CPU
		{0458AF30-A5E9-49BC-8F22-77C50A9D3EA0}.Debug|ARM.Build.0 = Debug|Any CPU
		{0458AF30-A5E9-49BC-8F22-77C50A9D3EA0}.Debug|iPhone.ActiveCfg = Debug|Any CPU
		{0458AF30-A5E9-49BC-8F22-77C50A9D3EA0}.Debug|iPhone.Build.0 = Debug|Any CPU
		{0458AF30-A5E9-49BC-8F22-77C50A9D3EA0}.Debug|iPhoneSimulator.ActiveCfg = Debug|Any CPU
		{0458AF30-A5E9-49BC-8F22-77C50A9D3EA0}.Debug|iPhoneSimulator.Build.0 = Debug|Any CPU
		{0458AF30-A5E9-49BC-8F22-77C50A9D3EA0}.Debug|x64.ActiveCfg = Debug|Any CPU
		{0458AF30-A5E9-49BC-8F22-77C50A9D3EA0}.Debug|x64.Build.0 = Debug|Any CPU
		{0458AF30-A5E9-49BC-8F22-77C50A9D3EA0}.Debug|x86.ActiveCfg = Debug|Any CPU
		{0458AF30-A5E9-49BC-8F22-77C50A9D3EA0}.Debug|x86.Build.0 = Debug|Any CPU
		{0458AF30-A5E9-49BC-8F22-77C50A9D3EA0}.Release|Any CPU.ActiveCfg = Release|Any CPU
		{0458AF30-A5E9-49BC-8F22-77C50A9D3EA0}.Release|Any CPU.Build.0 = Release|Any CPU
		{0458AF30-A5E9-49BC-8F22-77C50A9D3EA0}.Release|ARM.ActiveCfg = Release|Any CPU
		{0458AF30-A5E9-49BC-8F22-77C50A9D3EA0}.Release|ARM.Build.0 = Release|Any CPU
		{0458AF30-A5E9-49BC-8F22-77C50A9D3EA0}.Release|iPhone.ActiveCfg = Release|Any CPU
		{0458AF30-A5E9-49BC-8F22-77C50A9D3EA0}.Release|iPhone.Build.0 = Release|Any CPU
		{0458AF30-A5E9-49BC-8F22-77C50A9D3EA0}.Release|iPhoneSimulator.ActiveCfg = Release|Any CPU
		{0458AF30-A5E9-49BC-8F22-77C50A9D3EA0}.Release|iPhoneSimulator.Build.0 = Release|Any CPU
		{0458AF30-A5E9-49BC-8F22-77C50A9D3EA0}.Release|x64.ActiveCfg = Release|Any CPU
		{0458AF30-A5E9-49BC-8F22-77C50A9D3EA0}.Release|x64.Build.0 = Release|Any CPU
		{0458AF30-A5E9-49BC-8F22-77C50A9D3EA0}.Release|x86.ActiveCfg = Release|Any CPU
		{0458AF30-A5E9-49BC-8F22-77C50A9D3EA0}.Release|x86.Build.0 = Release|Any CPU
		{11E314EF-9F26-43B6-9946-1FEC3908665D}.Ad-Hoc|Any CPU.ActiveCfg = Debug|Any CPU
		{11E314EF-9F26-43B6-9946-1FEC3908665D}.Ad-Hoc|Any CPU.Build.0 = Debug|Any CPU
		{11E314EF-9F26-43B6-9946-1FEC3908665D}.Ad-Hoc|ARM.ActiveCfg = Debug|Any CPU
		{11E314EF-9F26-43B6-9946-1FEC3908665D}.Ad-Hoc|ARM.Build.0 = Debug|Any CPU
		{11E314EF-9F26-43B6-9946-1FEC3908665D}.Ad-Hoc|iPhone.ActiveCfg = Debug|Any CPU
		{11E314EF-9F26-43B6-9946-1FEC3908665D}.Ad-Hoc|iPhone.Build.0 = Debug|Any CPU
		{11E314EF-9F26-43B6-9946-1FEC3908665D}.Ad-Hoc|iPhoneSimulator.ActiveCfg = Debug|Any CPU
		{11E314EF-9F26-43B6-9946-1FEC3908665D}.Ad-Hoc|iPhoneSimulator.Build.0 = Debug|Any CPU
		{11E314EF-9F26-43B6-9946-1FEC3908665D}.Ad-Hoc|x64.ActiveCfg = Debug|Any CPU
		{11E314EF-9F26-43B6-9946-1FEC3908665D}.Ad-Hoc|x64.Build.0 = Debug|Any CPU
		{11E314EF-9F26-43B6-9946-1FEC3908665D}.Ad-Hoc|x86.ActiveCfg = Debug|Any CPU
		{11E314EF-9F26-43B6-9946-1FEC3908665D}.Ad-Hoc|x86.Build.0 = Debug|Any CPU
		{11E314EF-9F26-43B6-9946-1FEC3908665D}.AppStore|Any CPU.ActiveCfg = Debug|Any CPU
		{11E314EF-9F26-43B6-9946-1FEC3908665D}.AppStore|Any CPU.Build.0 = Debug|Any CPU
		{11E314EF-9F26-43B6-9946-1FEC3908665D}.AppStore|ARM.ActiveCfg = Debug|Any CPU
		{11E314EF-9F26-43B6-9946-1FEC3908665D}.AppStore|ARM.Build.0 = Debug|Any CPU
		{11E314EF-9F26-43B6-9946-1FEC3908665D}.AppStore|iPhone.ActiveCfg = Debug|Any CPU
		{11E314EF-9F26-43B6-9946-1FEC3908665D}.AppStore|iPhone.Build.0 = Debug|Any CPU
		{11E314EF-9F26-43B6-9946-1FEC3908665D}.AppStore|iPhoneSimulator.ActiveCfg = Debug|Any CPU
		{11E314EF-9F26-43B6-9946-1FEC3908665D}.AppStore|iPhoneSimulator.Build.0 = Debug|Any CPU
		{11E314EF-9F26-43B6-9946-1FEC3908665D}.AppStore|x64.ActiveCfg = Debug|Any CPU
		{11E314EF-9F26-43B6-9946-1FEC3908665D}.AppStore|x64.Build.0 = Debug|Any CPU
		{11E314EF-9F26-43B6-9946-1FEC3908665D}.AppStore|x86.ActiveCfg = Debug|Any CPU
		{11E314EF-9F26-43B6-9946-1FEC3908665D}.AppStore|x86.Build.0 = Debug|Any CPU
		{11E314EF-9F26-43B6-9946-1FEC3908665D}.Debug|Any CPU.ActiveCfg = Debug|Any CPU
		{11E314EF-9F26-43B6-9946-1FEC3908665D}.Debug|Any CPU.Build.0 = Debug|Any CPU
		{11E314EF-9F26-43B6-9946-1FEC3908665D}.Debug|ARM.ActiveCfg = Debug|Any CPU
		{11E314EF-9F26-43B6-9946-1FEC3908665D}.Debug|ARM.Build.0 = Debug|Any CPU
		{11E314EF-9F26-43B6-9946-1FEC3908665D}.Debug|iPhone.ActiveCfg = Debug|Any CPU
		{11E314EF-9F26-43B6-9946-1FEC3908665D}.Debug|iPhone.Build.0 = Debug|Any CPU
		{11E314EF-9F26-43B6-9946-1FEC3908665D}.Debug|iPhoneSimulator.ActiveCfg = Debug|Any CPU
		{11E314EF-9F26-43B6-9946-1FEC3908665D}.Debug|iPhoneSimulator.Build.0 = Debug|Any CPU
		{11E314EF-9F26-43B6-9946-1FEC3908665D}.Debug|x64.ActiveCfg = Debug|Any CPU
		{11E314EF-9F26-43B6-9946-1FEC3908665D}.Debug|x64.Build.0 = Debug|Any CPU
		{11E314EF-9F26-43B6-9946-1FEC3908665D}.Debug|x86.ActiveCfg = Debug|Any CPU
		{11E314EF-9F26-43B6-9946-1FEC3908665D}.Debug|x86.Build.0 = Debug|Any CPU
		{11E314EF-9F26-43B6-9946-1FEC3908665D}.Release|Any CPU.ActiveCfg = Release|Any CPU
		{11E314EF-9F26-43B6-9946-1FEC3908665D}.Release|Any CPU.Build.0 = Release|Any CPU
		{11E314EF-9F26-43B6-9946-1FEC3908665D}.Release|ARM.ActiveCfg = Release|Any CPU
		{11E314EF-9F26-43B6-9946-1FEC3908665D}.Release|ARM.Build.0 = Release|Any CPU
		{11E314EF-9F26-43B6-9946-1FEC3908665D}.Release|iPhone.ActiveCfg = Release|Any CPU
		{11E314EF-9F26-43B6-9946-1FEC3908665D}.Release|iPhone.Build.0 = Release|Any CPU
		{11E314EF-9F26-43B6-9946-1FEC3908665D}.Release|iPhoneSimulator.ActiveCfg = Release|Any CPU
		{11E314EF-9F26-43B6-9946-1FEC3908665D}.Release|iPhoneSimulator.Build.0 = Release|Any CPU
		{11E314EF-9F26-43B6-9946-1FEC3908665D}.Release|x64.ActiveCfg = Release|Any CPU
		{11E314EF-9F26-43B6-9946-1FEC3908665D}.Release|x64.Build.0 = Release|Any CPU
		{11E314EF-9F26-43B6-9946-1FEC3908665D}.Release|x86.ActiveCfg = Release|Any CPU
		{11E314EF-9F26-43B6-9946-1FEC3908665D}.Release|x86.Build.0 = Release|Any CPU
		{D4C0E4E2-D7C5-4BBE-9DF0-D0C0BB18CF62}.Ad-Hoc|Any CPU.ActiveCfg = Debug|Any CPU
		{D4C0E4E2-D7C5-4BBE-9DF0-D0C0BB18CF62}.Ad-Hoc|Any CPU.Build.0 = Debug|Any CPU
		{D4C0E4E2-D7C5-4BBE-9DF0-D0C0BB18CF62}.Ad-Hoc|ARM.ActiveCfg = Debug|Any CPU
		{D4C0E4E2-D7C5-4BBE-9DF0-D0C0BB18CF62}.Ad-Hoc|ARM.Build.0 = Debug|Any CPU
		{D4C0E4E2-D7C5-4BBE-9DF0-D0C0BB18CF62}.Ad-Hoc|iPhone.ActiveCfg = Debug|Any CPU
		{D4C0E4E2-D7C5-4BBE-9DF0-D0C0BB18CF62}.Ad-Hoc|iPhone.Build.0 = Debug|Any CPU
		{D4C0E4E2-D7C5-4BBE-9DF0-D0C0BB18CF62}.Ad-Hoc|iPhoneSimulator.ActiveCfg = Debug|Any CPU
		{D4C0E4E2-D7C5-4BBE-9DF0-D0C0BB18CF62}.Ad-Hoc|iPhoneSimulator.Build.0 = Debug|Any CPU
		{D4C0E4E2-D7C5-4BBE-9DF0-D0C0BB18CF62}.Ad-Hoc|x64.ActiveCfg = Debug|Any CPU
		{D4C0E4E2-D7C5-4BBE-9DF0-D0C0BB18CF62}.Ad-Hoc|x64.Build.0 = Debug|Any CPU
		{D4C0E4E2-D7C5-4BBE-9DF0-D0C0BB18CF62}.Ad-Hoc|x86.ActiveCfg = Debug|Any CPU
		{D4C0E4E2-D7C5-4BBE-9DF0-D0C0BB18CF62}.Ad-Hoc|x86.Build.0 = Debug|Any CPU
		{D4C0E4E2-D7C5-4BBE-9DF0-D0C0BB18CF62}.AppStore|Any CPU.ActiveCfg = Debug|Any CPU
		{D4C0E4E2-D7C5-4BBE-9DF0-D0C0BB18CF62}.AppStore|Any CPU.Build.0 = Debug|Any CPU
		{D4C0E4E2-D7C5-4BBE-9DF0-D0C0BB18CF62}.AppStore|ARM.ActiveCfg = Debug|Any CPU
		{D4C0E4E2-D7C5-4BBE-9DF0-D0C0BB18CF62}.AppStore|ARM.Build.0 = Debug|Any CPU
		{D4C0E4E2-D7C5-4BBE-9DF0-D0C0BB18CF62}.AppStore|iPhone.ActiveCfg = Debug|Any CPU
		{D4C0E4E2-D7C5-4BBE-9DF0-D0C0BB18CF62}.AppStore|iPhone.Build.0 = Debug|Any CPU
		{D4C0E4E2-D7C5-4BBE-9DF0-D0C0BB18CF62}.AppStore|iPhoneSimulator.ActiveCfg = Debug|Any CPU
		{D4C0E4E2-D7C5-4BBE-9DF0-D0C0BB18CF62}.AppStore|iPhoneSimulator.Build.0 = Debug|Any CPU
		{D4C0E4E2-D7C5-4BBE-9DF0-D0C0BB18CF62}.AppStore|x64.ActiveCfg = Debug|Any CPU
		{D4C0E4E2-D7C5-4BBE-9DF0-D0C0BB18CF62}.AppStore|x64.Build.0 = Debug|Any CPU
		{D4C0E4E2-D7C5-4BBE-9DF0-D0C0BB18CF62}.AppStore|x86.ActiveCfg = Debug|Any CPU
		{D4C0E4E2-D7C5-4BBE-9DF0-D0C0BB18CF62}.AppStore|x86.Build.0 = Debug|Any CPU
		{D4C0E4E2-D7C5-4BBE-9DF0-D0C0BB18CF62}.Debug|Any CPU.ActiveCfg = Debug|Any CPU
		{D4C0E4E2-D7C5-4BBE-9DF0-D0C0BB18CF62}.Debug|Any CPU.Build.0 = Debug|Any CPU
		{D4C0E4E2-D7C5-4BBE-9DF0-D0C0BB18CF62}.Debug|ARM.ActiveCfg = Debug|Any CPU
		{D4C0E4E2-D7C5-4BBE-9DF0-D0C0BB18CF62}.Debug|ARM.Build.0 = Debug|Any CPU
		{D4C0E4E2-D7C5-4BBE-9DF0-D0C0BB18CF62}.Debug|iPhone.ActiveCfg = Debug|Any CPU
		{D4C0E4E2-D7C5-4BBE-9DF0-D0C0BB18CF62}.Debug|iPhone.Build.0 = Debug|Any CPU
		{D4C0E4E2-D7C5-4BBE-9DF0-D0C0BB18CF62}.Debug|iPhoneSimulator.ActiveCfg = Debug|Any CPU
		{D4C0E4E2-D7C5-4BBE-9DF0-D0C0BB18CF62}.Debug|iPhoneSimulator.Build.0 = Debug|Any CPU
		{D4C0E4E2-D7C5-4BBE-9DF0-D0C0BB18CF62}.Debug|x64.ActiveCfg = Debug|Any CPU
		{D4C0E4E2-D7C5-4BBE-9DF0-D0C0BB18CF62}.Debug|x64.Build.0 = Debug|Any CPU
		{D4C0E4E2-D7C5-4BBE-9DF0-D0C0BB18CF62}.Debug|x86.ActiveCfg = Debug|Any CPU
		{D4C0E4E2-D7C5-4BBE-9DF0-D0C0BB18CF62}.Debug|x86.Build.0 = Debug|Any CPU
		{D4C0E4E2-D7C5-4BBE-9DF0-D0C0BB18CF62}.Release|Any CPU.ActiveCfg = Release|Any CPU
		{D4C0E4E2-D7C5-4BBE-9DF0-D0C0BB18CF62}.Release|Any CPU.Build.0 = Release|Any CPU
		{D4C0E4E2-D7C5-4BBE-9DF0-D0C0BB18CF62}.Release|ARM.ActiveCfg = Release|Any CPU
		{D4C0E4E2-D7C5-4BBE-9DF0-D0C0BB18CF62}.Release|ARM.Build.0 = Release|Any CPU
		{D4C0E4E2-D7C5-4BBE-9DF0-D0C0BB18CF62}.Release|iPhone.ActiveCfg = Release|Any CPU
		{D4C0E4E2-D7C5-4BBE-9DF0-D0C0BB18CF62}.Release|iPhone.Build.0 = Release|Any CPU
		{D4C0E4E2-D7C5-4BBE-9DF0-D0C0BB18CF62}.Release|iPhoneSimulator.ActiveCfg = Release|Any CPU
		{D4C0E4E2-D7C5-4BBE-9DF0-D0C0BB18CF62}.Release|iPhoneSimulator.Build.0 = Release|Any CPU
		{D4C0E4E2-D7C5-4BBE-9DF0-D0C0BB18CF62}.Release|x64.ActiveCfg = Release|Any CPU
		{D4C0E4E2-D7C5-4BBE-9DF0-D0C0BB18CF62}.Release|x64.Build.0 = Release|Any CPU
		{D4C0E4E2-D7C5-4BBE-9DF0-D0C0BB18CF62}.Release|x86.ActiveCfg = Release|Any CPU
		{D4C0E4E2-D7C5-4BBE-9DF0-D0C0BB18CF62}.Release|x86.Build.0 = Release|Any CPU
		{F40B197E-FFDA-492B-9C5A-EEB3DC5DDA9D}.Ad-Hoc|Any CPU.ActiveCfg = Debug|Any CPU
		{F40B197E-FFDA-492B-9C5A-EEB3DC5DDA9D}.Ad-Hoc|Any CPU.Build.0 = Debug|Any CPU
		{F40B197E-FFDA-492B-9C5A-EEB3DC5DDA9D}.Ad-Hoc|ARM.ActiveCfg = Debug|Any CPU
		{F40B197E-FFDA-492B-9C5A-EEB3DC5DDA9D}.Ad-Hoc|ARM.Build.0 = Debug|Any CPU
		{F40B197E-FFDA-492B-9C5A-EEB3DC5DDA9D}.Ad-Hoc|iPhone.ActiveCfg = Debug|Any CPU
		{F40B197E-FFDA-492B-9C5A-EEB3DC5DDA9D}.Ad-Hoc|iPhone.Build.0 = Debug|Any CPU
		{F40B197E-FFDA-492B-9C5A-EEB3DC5DDA9D}.Ad-Hoc|iPhoneSimulator.ActiveCfg = Debug|Any CPU
		{F40B197E-FFDA-492B-9C5A-EEB3DC5DDA9D}.Ad-Hoc|iPhoneSimulator.Build.0 = Debug|Any CPU
		{F40B197E-FFDA-492B-9C5A-EEB3DC5DDA9D}.Ad-Hoc|x64.ActiveCfg = Debug|Any CPU
		{F40B197E-FFDA-492B-9C5A-EEB3DC5DDA9D}.Ad-Hoc|x64.Build.0 = Debug|Any CPU
		{F40B197E-FFDA-492B-9C5A-EEB3DC5DDA9D}.Ad-Hoc|x86.ActiveCfg = Debug|Any CPU
		{F40B197E-FFDA-492B-9C5A-EEB3DC5DDA9D}.Ad-Hoc|x86.Build.0 = Debug|Any CPU
		{F40B197E-FFDA-492B-9C5A-EEB3DC5DDA9D}.AppStore|Any CPU.ActiveCfg = Debug|Any CPU
		{F40B197E-FFDA-492B-9C5A-EEB3DC5DDA9D}.AppStore|Any CPU.Build.0 = Debug|Any CPU
		{F40B197E-FFDA-492B-9C5A-EEB3DC5DDA9D}.AppStore|ARM.ActiveCfg = Debug|Any CPU
		{F40B197E-FFDA-492B-9C5A-EEB3DC5DDA9D}.AppStore|ARM.Build.0 = Debug|Any CPU
		{F40B197E-FFDA-492B-9C5A-EEB3DC5DDA9D}.AppStore|iPhone.ActiveCfg = Debug|Any CPU
		{F40B197E-FFDA-492B-9C5A-EEB3DC5DDA9D}.AppStore|iPhone.Build.0 = Debug|Any CPU
		{F40B197E-FFDA-492B-9C5A-EEB3DC5DDA9D}.AppStore|iPhoneSimulator.ActiveCfg = Debug|Any CPU
		{F40B197E-FFDA-492B-9C5A-EEB3DC5DDA9D}.AppStore|iPhoneSimulator.Build.0 = Debug|Any CPU
		{F40B197E-FFDA-492B-9C5A-EEB3DC5DDA9D}.AppStore|x64.ActiveCfg = Debug|Any CPU
		{F40B197E-FFDA-492B-9C5A-EEB3DC5DDA9D}.AppStore|x64.Build.0 = Debug|Any CPU
		{F40B197E-FFDA-492B-9C5A-EEB3DC5DDA9D}.AppStore|x86.ActiveCfg = Debug|Any CPU
		{F40B197E-FFDA-492B-9C5A-EEB3DC5DDA9D}.AppStore|x86.Build.0 = Debug|Any CPU
		{F40B197E-FFDA-492B-9C5A-EEB3DC5DDA9D}.Debug|Any CPU.ActiveCfg = Debug|Any CPU
		{F40B197E-FFDA-492B-9C5A-EEB3DC5DDA9D}.Debug|Any CPU.Build.0 = Debug|Any CPU
		{F40B197E-FFDA-492B-9C5A-EEB3DC5DDA9D}.Debug|ARM.ActiveCfg = Debug|Any CPU
		{F40B197E-FFDA-492B-9C5A-EEB3DC5DDA9D}.Debug|ARM.Build.0 = Debug|Any CPU
		{F40B197E-FFDA-492B-9C5A-EEB3DC5DDA9D}.Debug|iPhone.ActiveCfg = Debug|Any CPU
		{F40B197E-FFDA-492B-9C5A-EEB3DC5DDA9D}.Debug|iPhone.Build.0 = Debug|Any CPU
		{F40B197E-FFDA-492B-9C5A-EEB3DC5DDA9D}.Debug|iPhoneSimulator.ActiveCfg = Debug|Any CPU
		{F40B197E-FFDA-492B-9C5A-EEB3DC5DDA9D}.Debug|iPhoneSimulator.Build.0 = Debug|Any CPU
		{F40B197E-FFDA-492B-9C5A-EEB3DC5DDA9D}.Debug|x64.ActiveCfg = Debug|Any CPU
		{F40B197E-FFDA-492B-9C5A-EEB3DC5DDA9D}.Debug|x64.Build.0 = Debug|Any CPU
		{F40B197E-FFDA-492B-9C5A-EEB3DC5DDA9D}.Debug|x86.ActiveCfg = Debug|Any CPU
		{F40B197E-FFDA-492B-9C5A-EEB3DC5DDA9D}.Debug|x86.Build.0 = Debug|Any CPU
		{F40B197E-FFDA-492B-9C5A-EEB3DC5DDA9D}.Release|Any CPU.ActiveCfg = Release|Any CPU
		{F40B197E-FFDA-492B-9C5A-EEB3DC5DDA9D}.Release|Any CPU.Build.0 = Release|Any CPU
		{F40B197E-FFDA-492B-9C5A-EEB3DC5DDA9D}.Release|ARM.ActiveCfg = Release|Any CPU
		{F40B197E-FFDA-492B-9C5A-EEB3DC5DDA9D}.Release|ARM.Build.0 = Release|Any CPU
		{F40B197E-FFDA-492B-9C5A-EEB3DC5DDA9D}.Release|iPhone.ActiveCfg = Release|Any CPU
		{F40B197E-FFDA-492B-9C5A-EEB3DC5DDA9D}.Release|iPhone.Build.0 = Release|Any CPU
		{F40B197E-FFDA-492B-9C5A-EEB3DC5DDA9D}.Release|iPhoneSimulator.ActiveCfg = Release|Any CPU
		{F40B197E-FFDA-492B-9C5A-EEB3DC5DDA9D}.Release|iPhoneSimulator.Build.0 = Release|Any CPU
		{F40B197E-FFDA-492B-9C5A-EEB3DC5DDA9D}.Release|x64.ActiveCfg = Release|Any CPU
		{F40B197E-FFDA-492B-9C5A-EEB3DC5DDA9D}.Release|x64.Build.0 = Release|Any CPU
		{F40B197E-FFDA-492B-9C5A-EEB3DC5DDA9D}.Release|x86.ActiveCfg = Release|Any CPU
		{F40B197E-FFDA-492B-9C5A-EEB3DC5DDA9D}.Release|x86.Build.0 = Release|Any CPU
	EndGlobalSection
	GlobalSection(SolutionProperties) = preSolution
		HideSolutionNode = FALSE
	EndGlobalSection
	GlobalSection(NestedProjects) = preSolution
		{91CF7717-08AB-4E65-B10E-0B426F01E2E8} = {932D8224-11F6-4D07-B109-DA28AD288A63}
		{DB0EFB20-B024-4E5E-A75C-52143C131D25} = {932D8224-11F6-4D07-B109-DA28AD288A63}
		{807BB76E-B2BB-47A2-A57B-3D1B20FF5E7F} = {DB0EFB20-B024-4E5E-A75C-52143C131D25}
		{1815B651-941C-466B-AE33-D1D7EEB8F77F} = {DB0EFB20-B024-4E5E-A75C-52143C131D25}
		{77849D35-37D4-4802-81DC-9477B2775A40} = {932D8224-11F6-4D07-B109-DA28AD288A63}
		{28C0F5C8-4849-4035-80AB-45639424E73F} = {77849D35-37D4-4802-81DC-9477B2775A40}
		{373D8AA1-36BE-49EC-89F0-6CB736666285} = {807BB76E-B2BB-47A2-A57B-3D1B20FF5E7F}
		{FC870644-ABEC-4F17-8F2D-CDDF506AA05C} = {373D8AA1-36BE-49EC-89F0-6CB736666285}
		{4D48E4AE-89EB-4961-81D7-FC7AA89189AE} = {807BB76E-B2BB-47A2-A57B-3D1B20FF5E7F}
		{0458AF30-A5E9-49BC-8F22-77C50A9D3EA0} = {807BB76E-B2BB-47A2-A57B-3D1B20FF5E7F}
		{11E314EF-9F26-43B6-9946-1FEC3908665D} = {807BB76E-B2BB-47A2-A57B-3D1B20FF5E7F}
		{D4C0E4E2-D7C5-4BBE-9DF0-D0C0BB18CF62} = {807BB76E-B2BB-47A2-A57B-3D1B20FF5E7F}
		{F40B197E-FFDA-492B-9C5A-EEB3DC5DDA9D} = {1815B651-941C-466B-AE33-D1D7EEB8F77F}
		{79D04A89-E76F-4CC2-86D4-E8EE8BCDE201} = {77849D35-37D4-4802-81DC-9477B2775A40}
	EndGlobalSection
	GlobalSection(ExtensibilityGlobals) = postSolution
		SolutionGuid = {25728519-5F0F-4973-8A64-0A81EB4EA8D9}
	EndGlobalSection
EndGlobal
